Microsoft Visual Studio Solution File, Format Version 12.00
Project("{FAE04EC0-301F-11D3-BF4B-00C04F79EFBC}") = "SMS", "SMS\SMS.csproj", "{677F7DB8-6F9D-4185-B06B-58F237C40792}"
EndProject
Project("{FAE04EC0-301F-11D3-BF4B-00C04F79EFBC}") = "SMS.MCMBridge", "SMS.MCMBridge\SMS.MCMBridge.csproj", "{A153A24A-0903-4974-AD46-60E650997E9C}"
EndProject
Global
	GlobalSection(SolutionConfigurationPlatforms) = preSolution
		Debug|Any CPU = Debug|Any CPU
		Release|Any CPU = Release|Any CPU
	EndGlobalSection
	GlobalSection(ProjectConfigurationPlatforms) = postSolution
		{677F7DB8-6F9D-4185-B06B-58F237C40792}.Debug|Any CPU.ActiveCfg = Debug|Any CPU
		{677F7DB8-6F9D-4185-B06B-58F237C40792}.Debug|Any CPU.Build.0 = Debug|Any CPU
		{677F7DB8-6F9D-4185-B06B-58F237C40792}.Release|Any CPU.ActiveCfg = Release|Any CPU
		{677F7DB8-6F9D-4185-B06B-58F237C40792}.Release|Any CPU.Build.0 = Release|Any CPU
		{A153A24A-0903-4974-AD46-60E650997E9C}.Debug|Any CPU.ActiveCfg = Debug|Any CPU
		{A153A24A-0903-4974-AD46-60E650997E9C}.Debug|Any CPU.Build.0 = Debug|Any CPU
		{A153A24A-0903-4974-AD46-60E650997E9C}.Release|Any CPU.ActiveCfg = Release|Any CPU
		{A153A24A-0903-4974-AD46-60E650997E9C}.Release|Any CPU.Build.0 = Release|Any CPU
	EndGlobalSection
EndGlobal
